
Microsoft Visual Studio Solution File, Format Version 12.00
# Visual Studio 15
VisualStudioVersion = 15.0.27004.2002
MinimumVisualStudioVersion = 10.0.40219.1
Project("{FAE04EC0-301F-11D3-BF4B-00C04F79EFBC}") = "Alert", "Alert\Alert.csproj", "{67AD1D85-119E-4984-A642-AE502BC4AF27}"
EndProject
Global
	GlobalSection(SolutionConfigurationPlatforms) = preSolution
		Debug|Any CPU = Debug|Any CPU
		Release|Any CPU = Release|Any CPU
	EndGlobalSection
	GlobalSection(ProjectConfigurationPlatforms) = postSolution
		{67AD1D85-119E-4984-A642-AE502BC4AF27}.Debug|Any CPU.ActiveCfg = Debug|Any CPU
		{67AD1D85-119E-4984-A642-AE502BC4AF27}.Debug|Any CPU.Build.0 = Debug|Any CPU
		{67AD1D85-119E-4984-A642-AE502BC4AF27}.Release|Any CPU.ActiveCfg = Release|Any CPU
		{67AD1D85-119E-4984-A642-AE502BC4AF27}.Release|Any CPU.Build.0 = Release|Any CPU
	EndGlobalSection
	GlobalSection(SolutionProperties) = preSolution
		HideSolutionNode = FALSE
	EndGlobalSection
	GlobalSection(ExtensibilityGlobals) = postSolution
		SolutionGuid = {F606028D-156B-46C0-9DA6-E3A0B321BF01}
	EndGlobalSection
EndGlobal
